
Microsoft Visual Studio Solution File, Format Version 12.00
# Visual Studio Version 18
VisualStudioVersion = 18.1.11312.151
MinimumVisualStudioVersion = 10.0.40219.1
Project("{FAE04EC0-301F-11D3-BF4B-00C04F79EFBC}") = "SingleFileSetting", "Src\SingleFileSetting\SingleFileSetting.csproj", "{17F5851F-7C3B-461C-B2A9-52A92C62DD2F}"
EndProject
Project("{FAE04EC0-301F-11D3-BF4B-00C04F79EFBC}") = "FormControlTool.Test", "Tests\FormControlTool.Test\FormControlTool.Test.csproj", "{9FEF01C5-BF14-4969-B8D2-A7C2C8FC9C14}"
EndProject
Project("{FAE04EC0-301F-11D3-BF4B-00C04F79EFBC}") = "FileTool", "Src\FileTool\FileTool.csproj", "{F9BC8EE6-BF79-4326-A5EF-8B5DF00F2140}"
EndProject
Project("{FAE04EC0-301F-11D3-BF4B-00C04F79EFBC}") = "FileTool.Test", "Tests\FileTool.Test\FileTool.Test.csproj", "{6E05D715-937F-4FEB-B143-7F1B1205A414}"
EndProject
Project("{FAE04EC0-301F-11D3-BF4B-00C04F79EFBC}") = "FormControlTool", "Src\FormControlTool\FormControlTool.csproj", "{7BF434B6-C3F1-4C4E-8F7F-74DC636798B2}"
EndProject
Project("{FAE04EC0-301F-11D3-BF4B-00C04F79EFBC}") = "ZipTool", "Src\ZipTool\ZipTool.csproj", "{AE4D80C4-1EB0-4ECA-80C7-9D57E374C2B3}"
EndProject
Project("{FAE04EC0-301F-11D3-BF4B-00C04F79EFBC}") = "ZipTool.Test", "Tests\ZipTool.Test\ZipTool.Test.csproj", "{66002264-66EB-462D-B326-8ABFF9762275}"
EndProject
Project("{FAE04EC0-301F-11D3-BF4B-00C04F79EFBC}") = "XMLTool", "Src\XMLTool\XMLTool.csproj", "{7557F428-4AAA-4E02-841D-63E3E002C49B}"
EndProject
Project("{FAE04EC0-301F-11D3-BF4B-00C04F79EFBC}") = "XMLTool.Test", "Tests\XMLTool.Test\XMLTool.Test.csproj", "{83610638-5CA4-4A9F-8B5A-6B57AD7503E0}"
EndProject
Project("{FAE04EC0-301F-11D3-BF4B-00C04F79EFBC}") = "JsonTool", "Src\JsonTool\JsonTool.csproj", "{3D832C33-0C00-45C0-8FE7-79AB3609C1DA}"
EndProject
Project("{FAE04EC0-301F-11D3-BF4B-00C04F79EFBC}") = "JsonTool.Test", "Tests\JsonTool.Test\JsonTool.Test.csproj", "{FB594BFF-DAA4-472B-A8C1-9C2CCBAB8CA0}"
EndProject
Project("{FAE04EC0-301F-11D3-BF4B-00C04F79EFBC}") = "ProcessTool", "Src\ProcessTool\ProcessTool.csproj", "{1FF23E76-B68D-4E55-9945-64AC1D39A390}"
EndProject
Project("{FAE04EC0-301F-11D3-BF4B-00C04F79EFBC}") = "ProcessTool.Test", "Tests\ProcessTool.Test\ProcessTool.Test.csproj", "{585256E5-363A-49A8-9DE1-6F43992EA782}"
EndProject
Project("{FAE04EC0-301F-11D3-BF4B-00C04F79EFBC}") = "ApiTool", "Src\APITool\ApiTool.csproj", "{7219EC30-6150-471E-8FDA-D16E2050B9E0}"
EndProject
Project("{FAE04EC0-301F-11D3-BF4B-00C04F79EFBC}") = "ApiTool.Test", "Tests\APITool.Test\ApiTool.Test.csproj", "{1F3CD9C8-6448-4769-B00F-92478896986D}"
EndProject
Project("{FAE04EC0-301F-11D3-BF4B-00C04F79EFBC}") = "SqlTool", "Src\SQLTool\SqlTool.csproj", "{CBFF7197-D6EE-4F9B-BDD8-4E765CF55961}"
EndProject
Project("{FAE04EC0-301F-11D3-BF4B-00C04F79EFBC}") = "SqlTool.Test", "Tests\SQLTool.Test\SqlTool.Test.csproj", "{DE34D739-EDA7-4581-A0FF-6118B5D05AEF}"
EndProject
Project("{FAE04EC0-301F-11D3-BF4B-00C04F79EFBC}") = "WPFTool", "Src\WPFTool\WPFTool.csproj", "{6B46B6C6-16CF-410A-A3D7-1B71065041D0}"
EndProject
Project("{FAE04EC0-301F-11D3-BF4B-00C04F79EFBC}") = "WPFTool.Test", "Tests\WPFTool.Test\WPFTool.Test.csproj", "{C4773720-671A-4F0E-93B0-857E6200079C}"
EndProject
Project("{FAE04EC0-301F-11D3-BF4B-00C04F79EFBC}") = "Test.Data", "Tests\Test.Data\Test.Data.csproj", "{79A62872-F4DD-4567-8D4C-FDC7456697E2}"
EndProject
Project("{2150E333-8FDC-42A3-9474-1A3956D46DE8}") = "Src", "Src", "{D7D0B445-FA52-47E4-8202-B62DE3D04832}"
EndProject
Project("{2150E333-8FDC-42A3-9474-1A3956D46DE8}") = "Tests", "Tests", "{82780D88-71DC-427F-80C3-6468D230575E}"
EndProject
Global
	GlobalSection(SolutionConfigurationPlatforms) = preSolution
		Debug|Any CPU = Debug|Any CPU
		Release|Any CPU = Release|Any CPU
	EndGlobalSection
	GlobalSection(ProjectConfigurationPlatforms) = postSolution
		{17F5851F-7C3B-461C-B2A9-52A92C62DD2F}.Debug|Any CPU.ActiveCfg = Debug|Any CPU
		{17F5851F-7C3B-461C-B2A9-52A92C62DD2F}.Debug|Any CPU.Build.0 = Debug|Any CPU
		{17F5851F-7C3B-461C-B2A9-52A92C62DD2F}.Release|Any CPU.ActiveCfg = Release|Any CPU
		{17F5851F-7C3B-461C-B2A9-52A92C62DD2F}.Release|Any CPU.Build.0 = Release|Any CPU
		{9FEF01C5-BF14-4969-B8D2-A7C2C8FC9C14}.Debug|Any CPU.ActiveCfg = Debug|Any CPU
		{9FEF01C5-BF14-4969-B8D2-A7C2C8FC9C14}.Debug|Any CPU.Build.0 = Debug|Any CPU
		{9FEF01C5-BF14-4969-B8D2-A7C2C8FC9C14}.Release|Any CPU.ActiveCfg = Release|Any CPU
		{9FEF01C5-BF14-4969-B8D2-A7C2C8FC9C14}.Release|Any CPU.Build.0 = Release|Any CPU
		{F9BC8EE6-BF79-4326-A5EF-8B5DF00F2140}.Debug|Any CPU.ActiveCfg = Debug|Any CPU
		{F9BC8EE6-BF79-4326-A5EF-8B5DF00F2140}.Debug|Any CPU.Build.0 = Debug|Any CPU
		{F9BC8EE6-BF79-4326-A5EF-8B5DF00F2140}.Release|Any CPU.ActiveCfg = Release|Any CPU
		{F9BC8EE6-BF79-4326-A5EF-8B5DF00F2140}.Release|Any CPU.Build.0 = Release|Any CPU
		{6E05D715-937F-4FEB-B143-7F1B1205A414}.Debug|Any CPU.ActiveCfg = Debug|Any CPU
		{6E05D715-937F-4FEB-B143-7F1B1205A414}.Debug|Any CPU.Build.0 = Debug|Any CPU
		{6E05D715-937F-4FEB-B143-7F1B1205A414}.Release|Any CPU.ActiveCfg = Release|Any CPU
		{6E05D715-937F-4FEB-B143-7F1B1205A414}.Release|Any CPU.Build.0 = Release|Any CPU
		{7BF434B6-C3F1-4C4E-8F7F-74DC636798B2}.Debug|Any CPU.ActiveCfg = Debug|Any CPU
		{7BF434B6-C3F1-4C4E-8F7F-74DC636798B2}.Debug|Any CPU.Build.0 = Debug|Any CPU
		{7BF434B6-C3F1-4C4E-8F7F-74DC636798B2}.Release|Any CPU.ActiveCfg = Release|Any CPU
		{7BF434B6-C3F1-4C4E-8F7F-74DC636798B2}.Release|Any CPU.Build.0 = Release|Any CPU
		{AE4D80C4-1EB0-4ECA-80C7-9D57E374C2B3}.Debug|Any CPU.ActiveCfg = Debug|Any CPU
		{AE4D80C4-1EB0-4ECA-80C7-9D57E374C2B3}.Debug|Any CPU.Build.0 = Debug|Any CPU
		{AE4D80C4-1EB0-4ECA-80C7-9D57E374C2B3}.Release|Any CPU.ActiveCfg = Release|Any CPU
		{AE4D80C4-1EB0-4ECA-80C7-9D57E374C2B3}.Release|Any CPU.Build.0 = Release|Any CPU
		{66002264-66EB-462D-B326-8ABFF9762275}.Debug|Any CPU.ActiveCfg = Debug|Any CPU
		{66002264-66EB-462D-B326-8ABFF9762275}.Debug|Any CPU.Build.0 = Debug|Any CPU
		{66002264-66EB-462D-B326-8ABFF9762275}.Release|Any CPU.ActiveCfg = Release|Any CPU
		{66002264-66EB-462D-B326-8ABFF9762275}.Release|Any CPU.Build.0 = Release|Any CPU
		{7557F428-4AAA-4E02-841D-63E3E002C49B}.Debug|Any CPU.ActiveCfg = Debug|Any CPU
		{7557F428-4AAA-4E02-841D-63E3E002C49B}.Debug|Any CPU.Build.0 = Debug|Any CPU
		{7557F428-4AAA-4E02-841D-63E3E002C49B}.Release|Any CPU.ActiveCfg = Release|Any CPU
		{7557F428-4AAA-4E02-841D-63E3E002C49B}.Release|Any CPU.Build.0 = Release|Any CPU
		{83610638-5CA4-4A9F-8B5A-6B57AD7503E0}.Debug|Any CPU.ActiveCfg = Debug|Any CPU
		{83610638-5CA4-4A9F-8B5A-6B57AD7503E0}.Debug|Any CPU.Build.0 = Debug|Any CPU
		{83610638-5CA4-4A9F-8B5A-6B57AD7503E0}.Release|Any CPU.ActiveCfg = Release|Any CPU
		{83610638-5CA4-4A9F-8B5A-6B57AD7503E0}.Release|Any CPU.Build.0 = Release|Any CPU
		{3D832C33-0C00-45C0-8FE7-79AB3609C1DA}.Debug|Any CPU.ActiveCfg = Debug|Any CPU
		{3D832C33-0C00-45C0-8FE7-79AB3609C1DA}.Debug|Any CPU.Build.0 = Debug|Any CPU
		{3D832C33-0C00-45C0-8FE7-79AB3609C1DA}.Release|Any CPU.ActiveCfg = Release|Any CPU
		{3D832C33-0C00-45C0-8FE7-79AB3609C1DA}.Release|Any CPU.Build.0 = Release|Any CPU
		{FB594BFF-DAA4-472B-A8C1-9C2CCBAB8CA0}.Debug|Any CPU.ActiveCfg = Debug|Any CPU
		{FB594BFF-DAA4-472B-A8C1-9C2CCBAB8CA0}.Debug|Any CPU.Build.0 = Debug|Any CPU
		{FB594BFF-DAA4-472B-A8C1-9C2CCBAB8CA0}.Release|Any CPU.ActiveCfg = Release|Any CPU
		{FB594BFF-DAA4-472B-A8C1-9C2CCBAB8CA0}.Release|Any CPU.Build.0 = Release|Any CPU
		{1FF23E76-B68D-4E55-9945-64AC1D39A390}.Debug|Any CPU.ActiveCfg = Debug|Any CPU
		{1FF23E76-B68D-4E55-9945-64AC1D39A390}.Debug|Any CPU.Build.0 = Debug|Any CPU
		{1FF23E76-B68D-4E55-9945-64AC1D39A390}.Release|Any CPU.ActiveCfg = Release|Any CPU
		{1FF23E76-B68D-4E55-9945-64AC1D39A390}.Release|Any CPU.Build.0 = Release|Any CPU
		{585256E5-363A-49A8-9DE1-6F43992EA782}.Debug|Any CPU.ActiveCfg = Debug|Any CPU
		{585256E5-363A-49A8-9DE1-6F43992EA782}.Debug|Any CPU.Build.0 = Debug|Any CPU
		{585256E5-363A-49A8-9DE1-6F43992EA782}.Release|Any CPU.ActiveCfg = Release|Any CPU
		{585256E5-363A-49A8-9DE1-6F43992EA782}.Release|Any CPU.Build.0 = Release|Any CPU
		{7219EC30-6150-471E-8FDA-D16E2050B9E0}.Debug|Any CPU.ActiveCfg = Debug|Any CPU
		{7219EC30-6150-471E-8FDA-D16E2050B9E0}.Debug|Any CPU.Build.0 = Debug|Any CPU
		{7219EC30-6150-471E-8FDA-D16E2050B9E0}.Release|Any CPU.ActiveCfg = Release|Any CPU
		{7219EC30-6150-471E-8FDA-D16E2050B9E0}.Release|Any CPU.Build.0 = Release|Any CPU
		{1F3CD9C8-6448-4769-B00F-92478896986D}.Debug|Any CPU.ActiveCfg = Debug|Any CPU
		{1F3CD9C8-6448-4769-B00F-92478896986D}.Debug|Any CPU.Build.0 = Debug|Any CPU
		{1F3CD9C8-6448-4769-B00F-92478896986D}.Release|Any CPU.ActiveCfg = Release|Any CPU
		{1F3CD9C8-6448-4769-B00F-92478896986D}.Release|Any CPU.Build.0 = Release|Any CPU
		{CBFF7197-D6EE-4F9B-BDD8-4E765CF55961}.Debug|Any CPU.ActiveCfg = Debug|Any CPU
		{CBFF7197-D6EE-4F9B-BDD8-4E765CF55961}.Debug|Any CPU.Build.0 = Debug|Any CPU
		{CBFF7197-D6EE-4F9B-BDD8-4E765CF55961}.Release|Any CPU.ActiveCfg = Release|Any CPU
		{CBFF7197-D6EE-4F9B-BDD8-4E765CF55961}.Release|Any CPU.Build.0 = Release|Any CPU
		{DE34D739-EDA7-4581-A0FF-6118B5D05AEF}.Debug|Any CPU.ActiveCfg = Debug|Any CPU
		{DE34D739-EDA7-4581-A0FF-6118B5D05AEF}.Debug|Any CPU.Build.0 = Debug|Any CPU
		{DE34D739-EDA7-4581-A0FF-6118B5D05AEF}.Release|Any CPU.ActiveCfg = Release|Any CPU
		{DE34D739-EDA7-4581-A0FF-6118B5D05AEF}.Release|Any CPU.Build.0 = Release|Any CPU
		{6B46B6C6-16CF-410A-A3D7-1B71065041D0}.Debug|Any CPU.ActiveCfg = Debug|Any CPU
		{6B46B6C6-16CF-410A-A3D7-1B71065041D0}.Debug|Any CPU.Build.0 = Debug|Any CPU
		{6B46B6C6-16CF-410A-A3D7-1B71065041D0}.Release|Any CPU.ActiveCfg = Release|Any CPU
		{6B46B6C6-16CF-410A-A3D7-1B71065041D0}.Release|Any CPU.Build.0 = Release|Any CPU
		{C4773720-671A-4F0E-93B0-857E6200079C}.Debug|Any CPU.ActiveCfg = Debug|Any CPU
		{C4773720-671A-4F0E-93B0-857E6200079C}.Debug|Any CPU.Build.0 = Debug|Any CPU
		{C4773720-671A-4F0E-93B0-857E6200079C}.Release|Any CPU.ActiveCfg = Release|Any CPU
		{C4773720-671A-4F0E-93B0-857E6200079C}.Release|Any CPU.Build.0 = Release|Any CPU
		{79A62872-F4DD-4567-8D4C-FDC7456697E2}.Debug|Any CPU.ActiveCfg = Debug|Any CPU
		{79A62872-F4DD-4567-8D4C-FDC7456697E2}.Debug|Any CPU.Build.0 = Debug|Any CPU
		{79A62872-F4DD-4567-8D4C-FDC7456697E2}.Release|Any CPU.ActiveCfg = Release|Any CPU
		{79A62872-F4DD-4567-8D4C-FDC7456697E2}.Release|Any CPU.Build.0 = Release|Any CPU
	EndGlobalSection
	GlobalSection(SolutionProperties) = preSolution
		HideSolutionNode = FALSE
	EndGlobalSection
	GlobalSection(NestedProjects) = preSolution
		{17F5851F-7C3B-461C-B2A9-52A92C62DD2F} = {D7D0B445-FA52-47E4-8202-B62DE3D04832}
		{9FEF01C5-BF14-4969-B8D2-A7C2C8FC9C14} = {82780D88-71DC-427F-80C3-6468D230575E}
		{F9BC8EE6-BF79-4326-A5EF-8B5DF00F2140} = {D7D0B445-FA52-47E4-8202-B62DE3D04832}
		{6E05D715-937F-4FEB-B143-7F1B1205A414} = {82780D88-71DC-427F-80C3-6468D230575E}
		{7BF434B6-C3F1-4C4E-8F7F-74DC636798B2} = {D7D0B445-FA52-47E4-8202-B62DE3D04832}
		{AE4D80C4-1EB0-4ECA-80C7-9D57E374C2B3} = {D7D0B445-FA52-47E4-8202-B62DE3D04832}
		{66002264-66EB-462D-B326-8ABFF9762275} = {82780D88-71DC-427F-80C3-6468D230575E}
		{7557F428-4AAA-4E02-841D-63E3E002C49B} = {D7D0B445-FA52-47E4-8202-B62DE3D04832}
		{83610638-5CA4-4A9F-8B5A-6B57AD7503E0} = {82780D88-71DC-427F-80C3-6468D230575E}
		{3D832C33-0C00-45C0-8FE7-79AB3609C1DA} = {D7D0B445-FA52-47E4-8202-B62DE3D04832}
		{FB594BFF-DAA4-472B-A8C1-9C2CCBAB8CA0} = {82780D88-71DC-427F-80C3-6468D230575E}
		{1FF23E76-B68D-4E55-9945-64AC1D39A390} = {D7D0B445-FA52-47E4-8202-B62DE3D04832}
		{585256E5-363A-49A8-9DE1-6F43992EA782} = {82780D88-71DC-427F-80C3-6468D230575E}
		{7219EC30-6150-471E-8FDA-D16E2050B9E0} = {D7D0B445-FA52-47E4-8202-B62DE3D04832}
		{1F3CD9C8-6448-4769-B00F-92478896986D} = {82780D88-71DC-427F-80C3-6468D230575E}
		{CBFF7197-D6EE-4F9B-BDD8-4E765CF55961} = {D7D0B445-FA52-47E4-8202-B62DE3D04832}
		{DE34D739-EDA7-4581-A0FF-6118B5D05AEF} = {82780D88-71DC-427F-80C3-6468D230575E}
		{6B46B6C6-16CF-410A-A3D7-1B71065041D0} = {D7D0B445-FA52-47E4-8202-B62DE3D04832}
		{C4773720-671A-4F0E-93B0-857E6200079C} = {82780D88-71DC-427F-80C3-6468D230575E}
		{79A62872-F4DD-4567-8D4C-FDC7456697E2} = {82780D88-71DC-427F-80C3-6468D230575E}
	EndGlobalSection
	GlobalSection(ExtensibilityGlobals) = postSolution
		SolutionGuid = {83B41981-767F-4395-B5CD-F393F3E71761}
	EndGlobalSection
EndGlobal
