
Microsoft Visual Studio Solution File, Format Version 12.00
# Visual Studio Version 17
VisualStudioVersion = 17.14.36401.2
MinimumVisualStudioVersion = 10.0.40219.1
Project("{FAE04EC0-301F-11D3-BF4B-00C04F79EFBC}") = "SingleFileSetting", "SingleFileSetting\SingleFileSetting.csproj", "{17F5851F-7C3B-461C-B2A9-52A92C62DD2F}"
EndProject
Project("{FAE04EC0-301F-11D3-BF4B-00C04F79EFBC}") = "FormControlTool.Test", "FormControlTool.Test\FormControlTool.Test.csproj", "{9FEF01C5-BF14-4969-B8D2-A7C2C8FC9C14}"
EndProject
Project("{FAE04EC0-301F-11D3-BF4B-00C04F79EFBC}") = "FileTool", "FileTool\FileTool.csproj", "{F9BC8EE6-BF79-4326-A5EF-8B5DF00F2140}"
EndProject
Project("{FAE04EC0-301F-11D3-BF4B-00C04F79EFBC}") = "FileTool.Test", "FileTool.Test\FileTool.Test.csproj", "{6E05D715-937F-4FEB-B143-7F1B1205A414}"
EndProject
Project("{FAE04EC0-301F-11D3-BF4B-00C04F79EFBC}") = "FormControlTool", "FormControlTool\FormControlTool.csproj", "{7BF434B6-C3F1-4C4E-8F7F-74DC636798B2}"
EndProject
Global
	GlobalSection(SolutionConfigurationPlatforms) = preSolution
		Debug|Any CPU = Debug|Any CPU
		Release|Any CPU = Release|Any CPU
	EndGlobalSection
	GlobalSection(ProjectConfigurationPlatforms) = postSolution
		{17F5851F-7C3B-461C-B2A9-52A92C62DD2F}.Debug|Any CPU.ActiveCfg = Debug|Any CPU
		{17F5851F-7C3B-461C-B2A9-52A92C62DD2F}.Debug|Any CPU.Build.0 = Debug|Any CPU
		{17F5851F-7C3B-461C-B2A9-52A92C62DD2F}.Release|Any CPU.ActiveCfg = Release|Any CPU
		{17F5851F-7C3B-461C-B2A9-52A92C62DD2F}.Release|Any CPU.Build.0 = Release|Any CPU
		{9FEF01C5-BF14-4969-B8D2-A7C2C8FC9C14}.Debug|Any CPU.ActiveCfg = Debug|Any CPU
		{9FEF01C5-BF14-4969-B8D2-A7C2C8FC9C14}.Debug|Any CPU.Build.0 = Debug|Any CPU
		{9FEF01C5-BF14-4969-B8D2-A7C2C8FC9C14}.Release|Any CPU.ActiveCfg = Release|Any CPU
		{9FEF01C5-BF14-4969-B8D2-A7C2C8FC9C14}.Release|Any CPU.Build.0 = Release|Any CPU
		{F9BC8EE6-BF79-4326-A5EF-8B5DF00F2140}.Debug|Any CPU.ActiveCfg = Debug|Any CPU
		{F9BC8EE6-BF79-4326-A5EF-8B5DF00F2140}.Debug|Any CPU.Build.0 = Debug|Any CPU
		{F9BC8EE6-BF79-4326-A5EF-8B5DF00F2140}.Release|Any CPU.ActiveCfg = Release|Any CPU
		{F9BC8EE6-BF79-4326-A5EF-8B5DF00F2140}.Release|Any CPU.Build.0 = Release|Any CPU
		{6E05D715-937F-4FEB-B143-7F1B1205A414}.Debug|Any CPU.ActiveCfg = Debug|Any CPU
		{6E05D715-937F-4FEB-B143-7F1B1205A414}.Debug|Any CPU.Build.0 = Debug|Any CPU
		{6E05D715-937F-4FEB-B143-7F1B1205A414}.Release|Any CPU.ActiveCfg = Release|Any CPU
		{6E05D715-937F-4FEB-B143-7F1B1205A414}.Release|Any CPU.Build.0 = Release|Any CPU
		{7BF434B6-C3F1-4C4E-8F7F-74DC636798B2}.Debug|Any CPU.ActiveCfg = Debug|Any CPU
		{7BF434B6-C3F1-4C4E-8F7F-74DC636798B2}.Debug|Any CPU.Build.0 = Debug|Any CPU
		{7BF434B6-C3F1-4C4E-8F7F-74DC636798B2}.Release|Any CPU.ActiveCfg = Release|Any CPU
		{7BF434B6-C3F1-4C4E-8F7F-74DC636798B2}.Release|Any CPU.Build.0 = Release|Any CPU
	EndGlobalSection
	GlobalSection(SolutionProperties) = preSolution
		HideSolutionNode = FALSE
	EndGlobalSection
	GlobalSection(ExtensibilityGlobals) = postSolution
		SolutionGuid = {83B41981-767F-4395-B5CD-F393F3E71761}
	EndGlobalSection
EndGlobal
